
Microsoft Visual Studio Solution File, Format Version 12.00
# Visual Studio 15
VisualStudioVersion = 15.0.28307.960
MinimumVisualStudioVersion = 10.0.40219.1
Project("{FAE04EC0-301F-11D3-BF4B-00C04F79EFBC}") = "WindowsFormsApp1", "WindowsFormsApp1\WindowsFormsApp1.csproj", "{560EF7E6-16A1-4AAE-B9FC-DF67E9CE0905}"
EndProject
Global
	GlobalSection(SolutionConfigurationPlatforms) = preSolution
		Debug|Any CPU = Debug|Any CPU
		Release|Any CPU = Release|Any CPU
	EndGlobalSection
	GlobalSection(ProjectConfigurationPlatforms) = postSolution
		{560EF7E6-16A1-4AAE-B9FC-DF67E9CE0905}.Debug|Any CPU.ActiveCfg = Debug|Any CPU
		{560EF7E6-16A1-4AAE-B9FC-DF67E9CE0905}.Debug|Any CPU.Build.0 = Debug|Any CPU
		{560EF7E6-16A1-4AAE-B9FC-DF67E9CE0905}.Release|Any CPU.ActiveCfg = Release|Any CPU
		{560EF7E6-16A1-4AAE-B9FC-DF67E9CE0905}.Release|Any CPU.Build.0 = Release|Any CPU
	EndGlobalSection
	GlobalSection(SolutionProperties) = preSolution
		HideSolutionNode = FALSE
	EndGlobalSection
	GlobalSection(ExtensibilityGlobals) = postSolution
		SolutionGuid = {BBDC1C38-DB73-46E6-A03E-538B8774485F}
	EndGlobalSection
EndGlobal
